
Microsoft Visual Studio Solution File, Format Version 12.00
# Visual Studio 2013
VisualStudioVersion = 12.0.21005.1
MinimumVisualStudioVersion = 10.0.40219.1
Project("{FAE04EC0-301F-11D3-BF4B-00C04F79EFBC}") = "Wayz", "Wayz\Wayz.csproj", "{8BD37F7E-3BA5-44F4-934D-9A56810D8037}"
EndProject
Project("{FAE04EC0-301F-11D3-BF4B-00C04F79EFBC}") = "client", "..\client\client\client.csproj", "{8A47780E-B566-4884-9B8E-A67AB511F853}"
EndProject
Project("{FAE04EC0-301F-11D3-BF4B-00C04F79EFBC}") = "StgMsg", "..\StgMsg\StgMsg\StgMsg.csproj", "{D84E3A15-7048-45D6-9487-0A70EAC10733}"
EndProject
Project("{FAE04EC0-301F-11D3-BF4B-00C04F79EFBC}") = "Mapping", "Mapping\Mapping.csproj", "{90B1AFB5-D5B4-4CFB-80E9-2E46CE0E47ED}"
EndProject
Global
	GlobalSection(SolutionConfigurationPlatforms) = preSolution
		Debug|Any CPU = Debug|Any CPU
		Release|Any CPU = Release|Any CPU
	EndGlobalSection
	GlobalSection(ProjectConfigurationPlatforms) = postSolution
		{8BD37F7E-3BA5-44F4-934D-9A56810D8037}.Debug|Any CPU.ActiveCfg = Debug|Any CPU
		{8BD37F7E-3BA5-44F4-934D-9A56810D8037}.Debug|Any CPU.Build.0 = Debug|Any CPU
		{8BD37F7E-3BA5-44F4-934D-9A56810D8037}.Release|Any CPU.ActiveCfg = Release|Any CPU
		{8BD37F7E-3BA5-44F4-934D-9A56810D8037}.Release|Any CPU.Build.0 = Release|Any CPU
		{8A47780E-B566-4884-9B8E-A67AB511F853}.Debug|Any CPU.ActiveCfg = Debug|Any CPU
		{8A47780E-B566-4884-9B8E-A67AB511F853}.Debug|Any CPU.Build.0 = Debug|Any CPU
		{8A47780E-B566-4884-9B8E-A67AB511F853}.Release|Any CPU.ActiveCfg = Release|Any CPU
		{8A47780E-B566-4884-9B8E-A67AB511F853}.Release|Any CPU.Build.0 = Release|Any CPU
		{D84E3A15-7048-45D6-9487-0A70EAC10733}.Debug|Any CPU.ActiveCfg = Debug|Any CPU
		{D84E3A15-7048-45D6-9487-0A70EAC10733}.Debug|Any CPU.Build.0 = Debug|Any CPU
		{D84E3A15-7048-45D6-9487-0A70EAC10733}.Release|Any CPU.ActiveCfg = Release|Any CPU
		{D84E3A15-7048-45D6-9487-0A70EAC10733}.Release|Any CPU.Build.0 = Release|Any CPU
		{90B1AFB5-D5B4-4CFB-80E9-2E46CE0E47ED}.Debug|Any CPU.ActiveCfg = Debug|Any CPU
		{90B1AFB5-D5B4-4CFB-80E9-2E46CE0E47ED}.Debug|Any CPU.Build.0 = Debug|Any CPU
		{90B1AFB5-D5B4-4CFB-80E9-2E46CE0E47ED}.Release|Any CPU.ActiveCfg = Release|Any CPU
		{90B1AFB5-D5B4-4CFB-80E9-2E46CE0E47ED}.Release|Any CPU.Build.0 = Release|Any CPU
	EndGlobalSection
	GlobalSection(SolutionProperties) = preSolution
		HideSolutionNode = FALSE
	EndGlobalSection
EndGlobal
